
Microsoft Visual Studio Solution File, Format Version 12.00
# Visual Studio 2012
Project("{FAE04EC0-301F-11D3-BF4B-00C04F79EFBC}") = "Kettler X7 Lib", "Ketler X7 Lib\Kettler X7 Lib.csproj", "{43BEF31B-C85D-4DBB-9E15-DAD1D2749FF6}"
EndProject
Project("{FAE04EC0-301F-11D3-BF4B-00C04F79EFBC}") = "Doctor App", "Doctor App\Doctor App.csproj", "{845563BD-83A8-4269-8562-5E4593039684}"
EndProject
Project("{FAE04EC0-301F-11D3-BF4B-00C04F79EFBC}") = "Customer App", "Customer App\Customer App.csproj", "{0873329D-7875-4397-B377-8134EC70777C}"
EndProject
Project("{FAE04EC0-301F-11D3-BF4B-00C04F79EFBC}") = "Server App", "Server App\Server App.csproj", "{6D5D8FCF-DC6D-4A04-8AA1-4ADBA9579A51}"
EndProject
Global
	GlobalSection(SolutionConfigurationPlatforms) = preSolution
		Debug|Any CPU = Debug|Any CPU
		Release|Any CPU = Release|Any CPU
	EndGlobalSection
	GlobalSection(ProjectConfigurationPlatforms) = postSolution
		{43BEF31B-C85D-4DBB-9E15-DAD1D2749FF6}.Debug|Any CPU.ActiveCfg = Debug|Any CPU
		{43BEF31B-C85D-4DBB-9E15-DAD1D2749FF6}.Debug|Any CPU.Build.0 = Debug|Any CPU
		{43BEF31B-C85D-4DBB-9E15-DAD1D2749FF6}.Release|Any CPU.ActiveCfg = Release|Any CPU
		{43BEF31B-C85D-4DBB-9E15-DAD1D2749FF6}.Release|Any CPU.Build.0 = Release|Any CPU
		{845563BD-83A8-4269-8562-5E4593039684}.Debug|Any CPU.ActiveCfg = Debug|Any CPU
		{845563BD-83A8-4269-8562-5E4593039684}.Debug|Any CPU.Build.0 = Debug|Any CPU
		{845563BD-83A8-4269-8562-5E4593039684}.Release|Any CPU.ActiveCfg = Release|Any CPU
		{845563BD-83A8-4269-8562-5E4593039684}.Release|Any CPU.Build.0 = Release|Any CPU
		{0873329D-7875-4397-B377-8134EC70777C}.Debug|Any CPU.ActiveCfg = Debug|Any CPU
		{0873329D-7875-4397-B377-8134EC70777C}.Debug|Any CPU.Build.0 = Debug|Any CPU
		{0873329D-7875-4397-B377-8134EC70777C}.Release|Any CPU.ActiveCfg = Release|Any CPU
		{0873329D-7875-4397-B377-8134EC70777C}.Release|Any CPU.Build.0 = Release|Any CPU
		{6D5D8FCF-DC6D-4A04-8AA1-4ADBA9579A51}.Debug|Any CPU.ActiveCfg = Debug|Any CPU
		{6D5D8FCF-DC6D-4A04-8AA1-4ADBA9579A51}.Debug|Any CPU.Build.0 = Debug|Any CPU
		{6D5D8FCF-DC6D-4A04-8AA1-4ADBA9579A51}.Release|Any CPU.ActiveCfg = Release|Any CPU
		{6D5D8FCF-DC6D-4A04-8AA1-4ADBA9579A51}.Release|Any CPU.Build.0 = Release|Any CPU
	EndGlobalSection
	GlobalSection(SolutionProperties) = preSolution
		HideSolutionNode = FALSE
	EndGlobalSection
EndGlobal
