
Microsoft Visual Studio Solution File, Format Version 12.00
# Visual Studio 2012
Project("{FAE04EC0-301F-11D3-BF4B-00C04F79EFBC}") = "Server", "Server\Server.csproj", "{CABF5FC2-A6AA-4BF0-9C22-AEF6CEE75FAD}"
EndProject
Global
	GlobalSection(SolutionConfigurationPlatforms) = preSolution
		Debug|Any CPU = Debug|Any CPU
		Release|Any CPU = Release|Any CPU
	EndGlobalSection
	GlobalSection(ProjectConfigurationPlatforms) = postSolution
		{CABF5FC2-A6AA-4BF0-9C22-AEF6CEE75FAD}.Debug|Any CPU.ActiveCfg = Debug|Any CPU
		{CABF5FC2-A6AA-4BF0-9C22-AEF6CEE75FAD}.Debug|Any CPU.Build.0 = Debug|Any CPU
		{CABF5FC2-A6AA-4BF0-9C22-AEF6CEE75FAD}.Release|Any CPU.ActiveCfg = Release|Any CPU
		{CABF5FC2-A6AA-4BF0-9C22-AEF6CEE75FAD}.Release|Any CPU.Build.0 = Release|Any CPU
	EndGlobalSection
	GlobalSection(SolutionProperties) = preSolution
		HideSolutionNode = FALSE
	EndGlobalSection
EndGlobal
