
Microsoft Visual Studio Solution File, Format Version 12.00
# Visual Studio 2012
Project("{FAE04EC0-301F-11D3-BF4B-00C04F79EFBC}") = "Server", "Server\Server.csproj", "{CABF5FC2-A6AA-4BF0-9C22-AEF6CEE75FAD}"
EndProject
Project("{FAE04EC0-301F-11D3-BF4B-00C04F79EFBC}") = "Simulator", "Simulator\Simulator.csproj", "{1D5725CA-466D-4E50-993C-970FECD474B4}"
EndProject
Project("{FAE04EC0-301F-11D3-BF4B-00C04F79EFBC}") = "WindowsFormsApplication1", "WindowsFormsApplication1\WindowsFormsApplication1.csproj", "{51CAAD52-1398-414F-803B-E4CD70D0D07F}"
EndProject
Global
	GlobalSection(SolutionConfigurationPlatforms) = preSolution
		Debug|Any CPU = Debug|Any CPU
		Release|Any CPU = Release|Any CPU
	EndGlobalSection
	GlobalSection(ProjectConfigurationPlatforms) = postSolution
		{CABF5FC2-A6AA-4BF0-9C22-AEF6CEE75FAD}.Debug|Any CPU.ActiveCfg = Debug|Any CPU
		{CABF5FC2-A6AA-4BF0-9C22-AEF6CEE75FAD}.Debug|Any CPU.Build.0 = Debug|Any CPU
		{CABF5FC2-A6AA-4BF0-9C22-AEF6CEE75FAD}.Release|Any CPU.ActiveCfg = Release|Any CPU
		{CABF5FC2-A6AA-4BF0-9C22-AEF6CEE75FAD}.Release|Any CPU.Build.0 = Release|Any CPU
		{1D5725CA-466D-4E50-993C-970FECD474B4}.Debug|Any CPU.ActiveCfg = Debug|Any CPU
		{1D5725CA-466D-4E50-993C-970FECD474B4}.Debug|Any CPU.Build.0 = Debug|Any CPU
		{1D5725CA-466D-4E50-993C-970FECD474B4}.Release|Any CPU.ActiveCfg = Release|Any CPU
		{1D5725CA-466D-4E50-993C-970FECD474B4}.Release|Any CPU.Build.0 = Release|Any CPU
		{51CAAD52-1398-414F-803B-E4CD70D0D07F}.Debug|Any CPU.ActiveCfg = Debug|Any CPU
		{51CAAD52-1398-414F-803B-E4CD70D0D07F}.Debug|Any CPU.Build.0 = Debug|Any CPU
		{51CAAD52-1398-414F-803B-E4CD70D0D07F}.Release|Any CPU.ActiveCfg = Release|Any CPU
		{51CAAD52-1398-414F-803B-E4CD70D0D07F}.Release|Any CPU.Build.0 = Release|Any CPU
	EndGlobalSection
	GlobalSection(SolutionProperties) = preSolution
		HideSolutionNode = FALSE
	EndGlobalSection
EndGlobal
